{
  "lockfileVersion": 1,
  "workspaces": {
    "": {
      "name": "suma-module",
      "devDependencies": {
        "docdash": "^2.0.2",
      },
    },
  },
  "packages": {
    "@jsdoc/salty": ["@jsdoc/salty@0.2.9", "", { "dependencies": { "lodash": "^4.17.21" } }, "sha512-yYxMVH7Dqw6nO0d5NIV8OQWnitU8k6vXH8NtgqAfIa/IUqRMxRv/NUJJ08VEKbAakwxlgBl5PJdrU0dMPStsnw=="],

    "docdash": ["docdash@2.0.2", "", { "dependencies": { "@jsdoc/salty": "^0.2.1" } }, "sha512-3SDDheh9ddrwjzf6dPFe1a16M6ftstqTNjik2+1fx46l24H9dD2osT2q9y+nBEC1wWz4GIqA48JmicOLQ0R8xA=="],

    "lodash": ["lodash@4.17.21", "", {}, "sha512-v2kDEe57lecTulaDIuNTPy3Ry4gLGJ6Z1O3vE1krgXZNrsQ+LFTGHVxVjcXPs17LhbZVGedAJv8XZ1tvj5FvSg=="],
  }
}
